
Microsoft Visual Studio Solution File, Format Version 12.00
# Visual Studio Version 17
VisualStudioVersion = 17.0.31903.59
MinimumVisualStudioVersion = 10.0.40219.1
Project("{FAE04EC0-301F-11D3-BF4B-00C04F79EFBC}") = "API", "API\API.csproj", "{16B0B4EF-12C1-46FC-ADD6-60BA24DFCDCC}"
EndProject
Project("{FAE04EC0-301F-11D3-BF4B-00C04F79EFBC}") = "Application", "Application\Application.csproj", "{871FB198-CF96-4EB4-B7C6-A1689266D2F9}"
EndProject
Project("{FAE04EC0-301F-11D3-BF4B-00C04F79EFBC}") = "Domain", "Domain\Domain.csproj", "{9D9FB044-50CD-42CD-9BFD-BD7DC0A8D0AB}"
EndProject
Project("{FAE04EC0-301F-11D3-BF4B-00C04F79EFBC}") = "Persistence", "Persistence\Persistence.csproj", "{6B59534C-D5B6-4C5F-9852-A60C3D5168C7}"
EndProject
Global
	GlobalSection(SolutionConfigurationPlatforms) = preSolution
		Debug|Any CPU = Debug|Any CPU
		Release|Any CPU = Release|Any CPU
	EndGlobalSection
	GlobalSection(SolutionProperties) = preSolution
		HideSolutionNode = FALSE
	EndGlobalSection
	GlobalSection(ProjectConfigurationPlatforms) = postSolution
		{16B0B4EF-12C1-46FC-ADD6-60BA24DFCDCC}.Debug|Any CPU.ActiveCfg = Debug|Any CPU
		{16B0B4EF-12C1-46FC-ADD6-60BA24DFCDCC}.Debug|Any CPU.Build.0 = Debug|Any CPU
		{16B0B4EF-12C1-46FC-ADD6-60BA24DFCDCC}.Release|Any CPU.ActiveCfg = Release|Any CPU
		{16B0B4EF-12C1-46FC-ADD6-60BA24DFCDCC}.Release|Any CPU.Build.0 = Release|Any CPU
		{871FB198-CF96-4EB4-B7C6-A1689266D2F9}.Debug|Any CPU.ActiveCfg = Debug|Any CPU
		{871FB198-CF96-4EB4-B7C6-A1689266D2F9}.Debug|Any CPU.Build.0 = Debug|Any CPU
		{871FB198-CF96-4EB4-B7C6-A1689266D2F9}.Release|Any CPU.ActiveCfg = Release|Any CPU
		{871FB198-CF96-4EB4-B7C6-A1689266D2F9}.Release|Any CPU.Build.0 = Release|Any CPU
		{9D9FB044-50CD-42CD-9BFD-BD7DC0A8D0AB}.Debug|Any CPU.ActiveCfg = Debug|Any CPU
		{9D9FB044-50CD-42CD-9BFD-BD7DC0A8D0AB}.Debug|Any CPU.Build.0 = Debug|Any CPU
		{9D9FB044-50CD-42CD-9BFD-BD7DC0A8D0AB}.Release|Any CPU.ActiveCfg = Release|Any CPU
		{9D9FB044-50CD-42CD-9BFD-BD7DC0A8D0AB}.Release|Any CPU.Build.0 = Release|Any CPU
		{6B59534C-D5B6-4C5F-9852-A60C3D5168C7}.Debug|Any CPU.ActiveCfg = Debug|Any CPU
		{6B59534C-D5B6-4C5F-9852-A60C3D5168C7}.Debug|Any CPU.Build.0 = Debug|Any CPU
		{6B59534C-D5B6-4C5F-9852-A60C3D5168C7}.Release|Any CPU.ActiveCfg = Release|Any CPU
		{6B59534C-D5B6-4C5F-9852-A60C3D5168C7}.Release|Any CPU.Build.0 = Release|Any CPU
	EndGlobalSection
EndGlobal
